
Microsoft Visual Studio Solution File, Format Version 12.00
# Visual Studio Version 17
VisualStudioVersion = 17.12.35209.166
MinimumVisualStudioVersion = 10.0.40219.1
Project("{2150E333-8FDC-42A3-9474-1A3956D46DE8}") = "Services", "Services", "{BD401431-EAFA-4233-A534-450C570F1B19}"
EndProject
Project("{2150E333-8FDC-42A3-9474-1A3956D46DE8}") = "Catalog", "Catalog", "{7E8CAC8C-9A79-463F-8409-71CBFC990989}"
EndProject
Project("{FAE04EC0-301F-11D3-BF4B-00C04F79EFBC}") = "Catalog.API", "services\catalog\Catalog.API\Catalog.API.csproj", "{2C5F74D7-FA55-4C2E-9733-C7576206C5E7}"
EndProject
Project("{2150E333-8FDC-42A3-9474-1A3956D46DE8}") = "BuildinBlocks", "BuildinBlocks", "{36080DAA-B101-4B67-B234-34197664845C}"
EndProject
Project("{FAE04EC0-301F-11D3-BF4B-00C04F79EFBC}") = "BuildingBlocks", "BuildingBlocks\BuildingBlocks\BuildingBlocks.csproj", "{45560DF5-A506-423A-9079-3D9DACC58B4B}"
EndProject
Project("{E53339B2-1760-4266-BCC7-CA923CBCF16C}") = "docker-compose", "docker-compose.dcproj", "{9A9BD525-271D-46CB-95D7-C826386C7465}"
EndProject
Project("{2150E333-8FDC-42A3-9474-1A3956D46DE8}") = "Basket", "Basket", "{F88BB1C9-245C-403F-BD56-CD3E15A2193F}"
EndProject
Project("{FAE04EC0-301F-11D3-BF4B-00C04F79EFBC}") = "Basket.API", "services\basket\Basket.API\Basket.API.csproj", "{38FA3DCE-670B-41D8-BA7D-1E1665BB1913}"
EndProject
Project("{2150E333-8FDC-42A3-9474-1A3956D46DE8}") = "Discount", "Discount", "{4D38BEEA-DBCF-4DDA-925C-264CC3276148}"
EndProject
Project("{FAE04EC0-301F-11D3-BF4B-00C04F79EFBC}") = "Discount.GRPC", "services\Discount\Discount.GRPC\Discount.GRPC.csproj", "{D96444F4-0A5D-4AA0-8086-404B0D525FD6}"
EndProject
Project("{2150E333-8FDC-42A3-9474-1A3956D46DE8}") = "Ordering", "Ordering", "{C335B40C-2382-41C1-A1DF-5433DBEB3253}"
EndProject
Project("{FAE04EC0-301F-11D3-BF4B-00C04F79EFBC}") = "Ordering.API", "services\ordering\Ordering.API\Ordering.API.csproj", "{F48B49E2-D008-4893-A9F3-F79C0950BB72}"
EndProject
Project("{FAE04EC0-301F-11D3-BF4B-00C04F79EFBC}") = "Ordering.Domain", "services\ordering\Ordering.Domain\Ordering.Domain.csproj", "{3F90649A-2700-446F-8904-1AE0A8A48795}"
EndProject
Project("{FAE04EC0-301F-11D3-BF4B-00C04F79EFBC}") = "Ordering.Application", "services\ordering\Ordering.Application\Ordering.Application.csproj", "{7BBDE53A-493C-4CCC-AA24-0F5EE1F33E19}"
EndProject
Project("{FAE04EC0-301F-11D3-BF4B-00C04F79EFBC}") = "Ordering.Infrastructure", "services\ordering\Ordering.Infrastructure\Ordering.Infrastructure.csproj", "{ADDEC267-2B4D-418F-8FE6-CF69154C790D}"
EndProject
Global
	GlobalSection(SolutionConfigurationPlatforms) = preSolution
		Debug|Any CPU = Debug|Any CPU
		Release|Any CPU = Release|Any CPU
	EndGlobalSection
	GlobalSection(ProjectConfigurationPlatforms) = postSolution
		{2C5F74D7-FA55-4C2E-9733-C7576206C5E7}.Debug|Any CPU.ActiveCfg = Debug|Any CPU
		{2C5F74D7-FA55-4C2E-9733-C7576206C5E7}.Debug|Any CPU.Build.0 = Debug|Any CPU
		{2C5F74D7-FA55-4C2E-9733-C7576206C5E7}.Release|Any CPU.ActiveCfg = Release|Any CPU
		{2C5F74D7-FA55-4C2E-9733-C7576206C5E7}.Release|Any CPU.Build.0 = Release|Any CPU
		{45560DF5-A506-423A-9079-3D9DACC58B4B}.Debug|Any CPU.ActiveCfg = Debug|Any CPU
		{45560DF5-A506-423A-9079-3D9DACC58B4B}.Debug|Any CPU.Build.0 = Debug|Any CPU
		{45560DF5-A506-423A-9079-3D9DACC58B4B}.Release|Any CPU.ActiveCfg = Release|Any CPU
		{45560DF5-A506-423A-9079-3D9DACC58B4B}.Release|Any CPU.Build.0 = Release|Any CPU
		{9A9BD525-271D-46CB-95D7-C826386C7465}.Debug|Any CPU.ActiveCfg = Debug|Any CPU
		{9A9BD525-271D-46CB-95D7-C826386C7465}.Debug|Any CPU.Build.0 = Debug|Any CPU
		{9A9BD525-271D-46CB-95D7-C826386C7465}.Release|Any CPU.ActiveCfg = Release|Any CPU
		{9A9BD525-271D-46CB-95D7-C826386C7465}.Release|Any CPU.Build.0 = Release|Any CPU
		{38FA3DCE-670B-41D8-BA7D-1E1665BB1913}.Debug|Any CPU.ActiveCfg = Debug|Any CPU
		{38FA3DCE-670B-41D8-BA7D-1E1665BB1913}.Debug|Any CPU.Build.0 = Debug|Any CPU
		{38FA3DCE-670B-41D8-BA7D-1E1665BB1913}.Release|Any CPU.ActiveCfg = Release|Any CPU
		{38FA3DCE-670B-41D8-BA7D-1E1665BB1913}.Release|Any CPU.Build.0 = Release|Any CPU
		{D96444F4-0A5D-4AA0-8086-404B0D525FD6}.Debug|Any CPU.ActiveCfg = Debug|Any CPU
		{D96444F4-0A5D-4AA0-8086-404B0D525FD6}.Debug|Any CPU.Build.0 = Debug|Any CPU
		{D96444F4-0A5D-4AA0-8086-404B0D525FD6}.Release|Any CPU.ActiveCfg = Release|Any CPU
		{D96444F4-0A5D-4AA0-8086-404B0D525FD6}.Release|Any CPU.Build.0 = Release|Any CPU
		{F48B49E2-D008-4893-A9F3-F79C0950BB72}.Debug|Any CPU.ActiveCfg = Debug|Any CPU
		{F48B49E2-D008-4893-A9F3-F79C0950BB72}.Debug|Any CPU.Build.0 = Debug|Any CPU
		{F48B49E2-D008-4893-A9F3-F79C0950BB72}.Release|Any CPU.ActiveCfg = Release|Any CPU
		{F48B49E2-D008-4893-A9F3-F79C0950BB72}.Release|Any CPU.Build.0 = Release|Any CPU
		{3F90649A-2700-446F-8904-1AE0A8A48795}.Debug|Any CPU.ActiveCfg = Debug|Any CPU
		{3F90649A-2700-446F-8904-1AE0A8A48795}.Debug|Any CPU.Build.0 = Debug|Any CPU
		{3F90649A-2700-446F-8904-1AE0A8A48795}.Release|Any CPU.ActiveCfg = Release|Any CPU
		{3F90649A-2700-446F-8904-1AE0A8A48795}.Release|Any CPU.Build.0 = Release|Any CPU
		{7BBDE53A-493C-4CCC-AA24-0F5EE1F33E19}.Debug|Any CPU.ActiveCfg = Debug|Any CPU
		{7BBDE53A-493C-4CCC-AA24-0F5EE1F33E19}.Debug|Any CPU.Build.0 = Debug|Any CPU
		{7BBDE53A-493C-4CCC-AA24-0F5EE1F33E19}.Release|Any CPU.ActiveCfg = Release|Any CPU
		{7BBDE53A-493C-4CCC-AA24-0F5EE1F33E19}.Release|Any CPU.Build.0 = Release|Any CPU
		{ADDEC267-2B4D-418F-8FE6-CF69154C790D}.Debug|Any CPU.ActiveCfg = Debug|Any CPU
		{ADDEC267-2B4D-418F-8FE6-CF69154C790D}.Debug|Any CPU.Build.0 = Debug|Any CPU
		{ADDEC267-2B4D-418F-8FE6-CF69154C790D}.Release|Any CPU.ActiveCfg = Release|Any CPU
		{ADDEC267-2B4D-418F-8FE6-CF69154C790D}.Release|Any CPU.Build.0 = Release|Any CPU
	EndGlobalSection
	GlobalSection(SolutionProperties) = preSolution
		HideSolutionNode = FALSE
	EndGlobalSection
	GlobalSection(NestedProjects) = preSolution
		{7E8CAC8C-9A79-463F-8409-71CBFC990989} = {BD401431-EAFA-4233-A534-450C570F1B19}
		{2C5F74D7-FA55-4C2E-9733-C7576206C5E7} = {7E8CAC8C-9A79-463F-8409-71CBFC990989}
		{45560DF5-A506-423A-9079-3D9DACC58B4B} = {36080DAA-B101-4B67-B234-34197664845C}
		{F88BB1C9-245C-403F-BD56-CD3E15A2193F} = {BD401431-EAFA-4233-A534-450C570F1B19}
		{38FA3DCE-670B-41D8-BA7D-1E1665BB1913} = {F88BB1C9-245C-403F-BD56-CD3E15A2193F}
		{4D38BEEA-DBCF-4DDA-925C-264CC3276148} = {BD401431-EAFA-4233-A534-450C570F1B19}
		{D96444F4-0A5D-4AA0-8086-404B0D525FD6} = {4D38BEEA-DBCF-4DDA-925C-264CC3276148}
		{C335B40C-2382-41C1-A1DF-5433DBEB3253} = {BD401431-EAFA-4233-A534-450C570F1B19}
		{F48B49E2-D008-4893-A9F3-F79C0950BB72} = {C335B40C-2382-41C1-A1DF-5433DBEB3253}
		{3F90649A-2700-446F-8904-1AE0A8A48795} = {C335B40C-2382-41C1-A1DF-5433DBEB3253}
		{7BBDE53A-493C-4CCC-AA24-0F5EE1F33E19} = {C335B40C-2382-41C1-A1DF-5433DBEB3253}
		{ADDEC267-2B4D-418F-8FE6-CF69154C790D} = {C335B40C-2382-41C1-A1DF-5433DBEB3253}
	EndGlobalSection
	GlobalSection(ExtensibilityGlobals) = postSolution
		SolutionGuid = {81D86658-3D36-4AAE-9B70-10200D686A83}
	EndGlobalSection
EndGlobal
